
Microsoft Visual Studio Solution File, Format Version 12.00
# Visual Studio Version 16
VisualStudioVersion = 16.0.29920.165
MinimumVisualStudioVersion = 10.0.40219.1
Project("{888888A0-9F3D-457C-B088-3A5042F75D52}") = "PythonApplicationCrawling", "PythonApplicationCrawling\PythonApplicationCrawling.pyproj", "{04D75021-1612-4748-A8A4-76666F4A6C13}"
EndProject
Global
	GlobalSection(SolutionConfigurationPlatforms) = preSolution
		Debug|Any CPU = Debug|Any CPU
		Release|Any CPU = Release|Any CPU
	EndGlobalSection
	GlobalSection(ProjectConfigurationPlatforms) = postSolution
		{04D75021-1612-4748-A8A4-76666F4A6C13}.Debug|Any CPU.ActiveCfg = Debug|Any CPU
		{04D75021-1612-4748-A8A4-76666F4A6C13}.Release|Any CPU.ActiveCfg = Release|Any CPU
	EndGlobalSection
	GlobalSection(SolutionProperties) = preSolution
		HideSolutionNode = FALSE
	EndGlobalSection
	GlobalSection(ExtensibilityGlobals) = postSolution
		SolutionGuid = {9DA7EEA6-8B7A-4CC3-B4EA-A74F84FD793F}
	EndGlobalSection
EndGlobal
